<?xml version="1.0" encoding="UTF-8"?>
<Scheme
   version = "1.3">
   <BuildAction>
      <BuildActionEntries>
         <BuildActionEntry
            buildForRunning = "YES">
            <BuildableReference
               BuildableIdentifier = "primary"
               BlueprintIdentifier = "3BBAF9B323D0672D001116BB"
               BuildableName = "Matura_slovnik"
               BlueprintName = "Matura_slovnik"
               ReferencedContainer = "container:Matura_slovnik.xcodeproj">
            </BuildableReference>
         </BuildActionEntry>
      </BuildActionEntries>
   </BuildAction>
   <LaunchAction
      useCustomWorkingDirectory = "NO"
      buildConfiguration = "Debug"
      allowLocationSimulation = "YES">
      <BuildableProductRunnable>
         <BuildableReference
            BuildableIdentifier = "primary"
            BlueprintIdentifier = "3BBAF9B323D0672D001116BB"
            BuildableName = "Matura_slovnik"
            BlueprintName = "Matura_slovnik"
            ReferencedContainer = "container:Matura_slovnik.xcodeproj">
         </BuildableReference>
      </BuildableProductRunnable>
   </LaunchAction>
</Scheme>
